
Microsoft Visual Studio Solution File, Format Version 12.00
# Visual Studio Version 16
VisualStudioVersion = 16.0.29519.181
MinimumVisualStudioVersion = 10.0.40219.1
Project("{FAE04EC0-301F-11D3-BF4B-00C04F79EFBC}") = "Victoryna", "Victoryna\Victoryna.csproj", "{68FBF11A-C0E2-4E9A-98A7-4FF000403D82}"
EndProject
Global
	GlobalSection(SolutionConfigurationPlatforms) = preSolution
		Debug|Any CPU = Debug|Any CPU
		Release|Any CPU = Release|Any CPU
	EndGlobalSection
	GlobalSection(ProjectConfigurationPlatforms) = postSolution
		{68FBF11A-C0E2-4E9A-98A7-4FF000403D82}.Debug|Any CPU.ActiveCfg = Debug|Any CPU
		{68FBF11A-C0E2-4E9A-98A7-4FF000403D82}.Debug|Any CPU.Build.0 = Debug|Any CPU
		{68FBF11A-C0E2-4E9A-98A7-4FF000403D82}.Release|Any CPU.ActiveCfg = Release|Any CPU
		{68FBF11A-C0E2-4E9A-98A7-4FF000403D82}.Release|Any CPU.Build.0 = Release|Any CPU
	EndGlobalSection
	GlobalSection(SolutionProperties) = preSolution
		HideSolutionNode = FALSE
	EndGlobalSection
	GlobalSection(ExtensibilityGlobals) = postSolution
		SolutionGuid = {90FC452C-E749-452E-AC71-54A9E46ECEBF}
	EndGlobalSection
EndGlobal
